github.com/golang/protobuf v1.3.2 h1:6nsPYzhq5kReh6QImI3k5qWzO4PEbvbIW2cwSfR/6xs=
github.com/golang/protobuf v1.3.2/go.mod h1:6lQm79b+lXiMfvg/cZm0SGofjICqVBUtrP5yJMmIC1U=
github.com/google/go-cmp v0.3.1 h1:Xye71clBPdm5HgqGwUkwhbynsUJZhDbS20FvLhQ2izg=
github.com/google/go-cmp v0.3.1/go.mod h1:8QqcDgzrUqlUb/G2PQTWiueGozuR1884gddMywk6iLU=
github.com/izumin5210/hx v0.3.0 h1:u/f/FD5ndmmQF20T37R6HXJOfsDJw5+2vnxCybhjCD4=
github.com/izumin5210/hx v0.3.0/go.mod h1:qk5q6mT+k4oIHnTt6sHNmUF4DG0Ls2wkwg8jN3ZzuP0=
