github.com/cenkalti/backoff v2.2.1+incompatible h1:tNowT99t7UNflLxfYYSlKYsBpXdEet03Pg2g16Swow4=
github.com/cenkalti/backoff v2.2.1+incompatible/go.mod h1:90ReRw6GdpyfrHakVjL/QHaoyV4aDUVVkXQJJJ3NXXM=
github.com/cenkalti/backoff/v3 v3.0.0 h1:ske+9nBpD9qZsTBoF41nW5L+AIuFBKMeze18XQ3eG1c=
github.com/cenkalti/backoff/v3 v3.0.0/go.mod h1:cIeZDE3IrqwwJl6VUwCN6trj1oXrTS4rc0ij+ULvLYs=
github.com/google/uuid v1.1.1 h1:Gkbcsh/GbpXz7lPftLA3P6TYMwjCLYm83jiFQZF/3gY=
github.com/google/uuid v1.1.1/go.mod h1:TIyPZe4MgqvfeYDBFedMoGGpEw/LqOeaOT+nhxU+yHo=
github.com/izumin5210/hx v0.0.0-20191105023602-276cca241df5 h1:8f6+ob9YR2mWDoE6x9bhzRRrSbq0lNTWGjWw05BRKtc=
github.com/izumin5210/hx v0.0.0-20191105023602-276cca241df5/go.mod h1:qk5q6mT+k4oIHnTt6sHNmUF4DG0Ls2wkwg8jN3ZzuP0=
